
Microsoft Visual Studio Solution File, Format Version 12.00
# Visual Studio Version 16
VisualStudioVersion = 16.0.31025.194
MinimumVisualStudioVersion = 10.0.40219.1
Project("{9A19103F-16F7-4668-BE54-9A1E7A4F7556}") = "Lingua.API", "Lingua.API\Lingua.API.csproj", "{127AA8A3-E86F-4A28-906C-BBF4ADB08C74}"
EndProject
Project("{9A19103F-16F7-4668-BE54-9A1E7A4F7556}") = "Lingua.ZoomIntegration", "ZoomIntegration\Lingua.ZoomIntegration.csproj", "{A5852918-E6CC-4462-AC8C-189F0D0B79DD}"
EndProject
Project("{9A19103F-16F7-4668-BE54-9A1E7A4F7556}") = "TestConsole", "TestConsole\TestConsole.csproj", "{CD3D60E0-A187-4668-BA99-4EC88B852985}"
EndProject
Project("{9A19103F-16F7-4668-BE54-9A1E7A4F7556}") = "Lingua.Shared", "Lingua.Shared\Lingua.Shared.csproj", "{5BA5CFA5-2D1D-41D6-9259-25D4B5F2E1F1}"
EndProject
Project("{FAE04EC0-301F-11D3-BF4B-00C04F79EFBC}") = "Lingua.Data.Mongo", "Lingua.Data.Mongo\Lingua.Data.Mongo.csproj", "{8681F645-5549-4D9A-8C30-D72FAC972596}"
EndProject
Global
	GlobalSection(SolutionConfigurationPlatforms) = preSolution
		Debug|Any CPU = Debug|Any CPU
		Release|Any CPU = Release|Any CPU
	EndGlobalSection
	GlobalSection(ProjectConfigurationPlatforms) = postSolution
		{127AA8A3-E86F-4A28-906C-BBF4ADB08C74}.Debug|Any CPU.ActiveCfg = Debug|Any CPU
		{127AA8A3-E86F-4A28-906C-BBF4ADB08C74}.Debug|Any CPU.Build.0 = Debug|Any CPU
		{127AA8A3-E86F-4A28-906C-BBF4ADB08C74}.Release|Any CPU.ActiveCfg = Release|Any CPU
		{127AA8A3-E86F-4A28-906C-BBF4ADB08C74}.Release|Any CPU.Build.0 = Release|Any CPU
		{A5852918-E6CC-4462-AC8C-189F0D0B79DD}.Debug|Any CPU.ActiveCfg = Debug|Any CPU
		{A5852918-E6CC-4462-AC8C-189F0D0B79DD}.Debug|Any CPU.Build.0 = Debug|Any CPU
		{A5852918-E6CC-4462-AC8C-189F0D0B79DD}.Release|Any CPU.ActiveCfg = Release|Any CPU
		{A5852918-E6CC-4462-AC8C-189F0D0B79DD}.Release|Any CPU.Build.0 = Release|Any CPU
		{CD3D60E0-A187-4668-BA99-4EC88B852985}.Debug|Any CPU.ActiveCfg = Debug|Any CPU
		{CD3D60E0-A187-4668-BA99-4EC88B852985}.Debug|Any CPU.Build.0 = Debug|Any CPU
		{CD3D60E0-A187-4668-BA99-4EC88B852985}.Release|Any CPU.ActiveCfg = Release|Any CPU
		{CD3D60E0-A187-4668-BA99-4EC88B852985}.Release|Any CPU.Build.0 = Release|Any CPU
		{5BA5CFA5-2D1D-41D6-9259-25D4B5F2E1F1}.Debug|Any CPU.ActiveCfg = Debug|Any CPU
		{5BA5CFA5-2D1D-41D6-9259-25D4B5F2E1F1}.Debug|Any CPU.Build.0 = Debug|Any CPU
		{5BA5CFA5-2D1D-41D6-9259-25D4B5F2E1F1}.Release|Any CPU.ActiveCfg = Release|Any CPU
		{5BA5CFA5-2D1D-41D6-9259-25D4B5F2E1F1}.Release|Any CPU.Build.0 = Release|Any CPU
		{8681F645-5549-4D9A-8C30-D72FAC972596}.Debug|Any CPU.ActiveCfg = Debug|Any CPU
		{8681F645-5549-4D9A-8C30-D72FAC972596}.Debug|Any CPU.Build.0 = Debug|Any CPU
		{8681F645-5549-4D9A-8C30-D72FAC972596}.Release|Any CPU.ActiveCfg = Release|Any CPU
		{8681F645-5549-4D9A-8C30-D72FAC972596}.Release|Any CPU.Build.0 = Release|Any CPU
	EndGlobalSection
	GlobalSection(SolutionProperties) = preSolution
		HideSolutionNode = FALSE
	EndGlobalSection
	GlobalSection(ExtensibilityGlobals) = postSolution
		SolutionGuid = {653A17B4-A5F9-41CA-AFA1-5FF10E543981}
	EndGlobalSection
EndGlobal
